
Microsoft Visual Studio Solution File, Format Version 12.00
# Visual Studio Version 17
VisualStudioVersion = 17.13.35806.99 d17.13
MinimumVisualStudioVersion = 10.0.40219.1
Project("{FAE04EC0-301F-11D3-BF4B-00C04F79EFBC}") = "BugTracker.API", "BugTracker.API.csproj", "{6D5513F2-2BCF-5D1A-2DA6-5C4FE631A756}"
EndProject
Global
	GlobalSection(SolutionConfigurationPlatforms) = preSolution
		Debug|Any CPU = Debug|Any CPU
		Release|Any CPU = Release|Any CPU
	EndGlobalSection
	GlobalSection(ProjectConfigurationPlatforms) = postSolution
		{6D5513F2-2BCF-5D1A-2DA6-5C4FE631A756}.Debug|Any CPU.ActiveCfg = Debug|Any CPU
		{6D5513F2-2BCF-5D1A-2DA6-5C4FE631A756}.Debug|Any CPU.Build.0 = Debug|Any CPU
		{6D5513F2-2BCF-5D1A-2DA6-5C4FE631A756}.Release|Any CPU.ActiveCfg = Release|Any CPU
		{6D5513F2-2BCF-5D1A-2DA6-5C4FE631A756}.Release|Any CPU.Build.0 = Release|Any CPU
	EndGlobalSection
	GlobalSection(SolutionProperties) = preSolution
		HideSolutionNode = FALSE
	EndGlobalSection
	GlobalSection(ExtensibilityGlobals) = postSolution
		SolutionGuid = {AFD4B188-E0B6-4D0F-BCDE-7EC46A48BD20}
	EndGlobalSection
EndGlobal
